
Microsoft Visual Studio Solution File, Format Version 12.00
# Visual Studio Version 16
VisualStudioVersion = 16.0.31624.102
MinimumVisualStudioVersion = 10.0.40219.1
Project("{FAE04EC0-301F-11D3-BF4B-00C04F79EFBC}") = "SimpleComputApp.Android", "SimpleComputApp\SimpleComputApp.Android\SimpleComputApp.Android.csproj", "{78A8AEB1-F37D-4F63-A2C5-8B0264FC6731}"
EndProject
Project("{FAE04EC0-301F-11D3-BF4B-00C04F79EFBC}") = "SimpleComputApp.iOS", "SimpleComputApp\SimpleComputApp.iOS\SimpleComputApp.iOS.csproj", "{DDA24701-80EB-495C-A4A9-CBDAC5A0C29D}"
EndProject
Project("{FAE04EC0-301F-11D3-BF4B-00C04F79EFBC}") = "SimpleComputApp", "SimpleComputApp\SimpleComputApp\SimpleComputApp.csproj", "{4FD03234-44E3-403C-B443-795106A4B6CC}"
EndProject
Global
	GlobalSection(SolutionConfigurationPlatforms) = preSolution
		Debug|Any CPU = Debug|Any CPU
		Debug|iPhone = Debug|iPhone
		Debug|iPhoneSimulator = Debug|iPhoneSimulator
		Release|Any CPU = Release|Any CPU
		Release|iPhone = Release|iPhone
		Release|iPhoneSimulator = Release|iPhoneSimulator
	EndGlobalSection
	GlobalSection(ProjectConfigurationPlatforms) = postSolution
		{78A8AEB1-F37D-4F63-A2C5-8B0264FC6731}.Debug|Any CPU.ActiveCfg = Debug|Any CPU
		{78A8AEB1-F37D-4F63-A2C5-8B0264FC6731}.Debug|Any CPU.Build.0 = Debug|Any CPU
		{78A8AEB1-F37D-4F63-A2C5-8B0264FC6731}.Debug|Any CPU.Deploy.0 = Debug|Any CPU
		{78A8AEB1-F37D-4F63-A2C5-8B0264FC6731}.Debug|iPhone.ActiveCfg = Debug|Any CPU
		{78A8AEB1-F37D-4F63-A2C5-8B0264FC6731}.Debug|iPhone.Build.0 = Debug|Any CPU
		{78A8AEB1-F37D-4F63-A2C5-8B0264FC6731}.Debug|iPhone.Deploy.0 = Debug|Any CPU
		{78A8AEB1-F37D-4F63-A2C5-8B0264FC6731}.Debug|iPhoneSimulator.ActiveCfg = Debug|Any CPU
		{78A8AEB1-F37D-4F63-A2C5-8B0264FC6731}.Debug|iPhoneSimulator.Build.0 = Debug|Any CPU
		{78A8AEB1-F37D-4F63-A2C5-8B0264FC6731}.Debug|iPhoneSimulator.Deploy.0 = Debug|Any CPU
		{78A8AEB1-F37D-4F63-A2C5-8B0264FC6731}.Release|Any CPU.ActiveCfg = Release|Any CPU
		{78A8AEB1-F37D-4F63-A2C5-8B0264FC6731}.Release|Any CPU.Build.0 = Release|Any CPU
		{78A8AEB1-F37D-4F63-A2C5-8B0264FC6731}.Release|Any CPU.Deploy.0 = Release|Any CPU
		{78A8AEB1-F37D-4F63-A2C5-8B0264FC6731}.Release|iPhone.ActiveCfg = Release|Any CPU
		{78A8AEB1-F37D-4F63-A2C5-8B0264FC6731}.Release|iPhone.Build.0 = Release|Any CPU
		{78A8AEB1-F37D-4F63-A2C5-8B0264FC6731}.Release|iPhone.Deploy.0 = Release|Any CPU
		{78A8AEB1-F37D-4F63-A2C5-8B0264FC6731}.Release|iPhoneSimulator.ActiveCfg = Release|Any CPU
		{78A8AEB1-F37D-4F63-A2C5-8B0264FC6731}.Release|iPhoneSimulator.Build.0 = Release|Any CPU
		{78A8AEB1-F37D-4F63-A2C5-8B0264FC6731}.Release|iPhoneSimulator.Deploy.0 = Release|Any CPU
		{DDA24701-80EB-495C-A4A9-CBDAC5A0C29D}.Debug|Any CPU.ActiveCfg = Debug|iPhone
		{DDA24701-80EB-495C-A4A9-CBDAC5A0C29D}.Debug|Any CPU.Build.0 = Debug|iPhone
		{DDA24701-80EB-495C-A4A9-CBDAC5A0C29D}.Debug|Any CPU.Deploy.0 = Debug|iPhone
		{DDA24701-80EB-495C-A4A9-CBDAC5A0C29D}.Debug|iPhone.ActiveCfg = Debug|iPhone
		{DDA24701-80EB-495C-A4A9-CBDAC5A0C29D}.Debug|iPhone.Build.0 = Debug|iPhone
		{DDA24701-80EB-495C-A4A9-CBDAC5A0C29D}.Debug|iPhone.Deploy.0 = Debug|iPhone
		{DDA24701-80EB-495C-A4A9-CBDAC5A0C29D}.Debug|iPhoneSimulator.ActiveCfg = Debug|iPhoneSimulator
		{DDA24701-80EB-495C-A4A9-CBDAC5A0C29D}.Debug|iPhoneSimulator.Build.0 = Debug|iPhoneSimulator
		{DDA24701-80EB-495C-A4A9-CBDAC5A0C29D}.Debug|iPhoneSimulator.Deploy.0 = Debug|iPhoneSimulator
		{DDA24701-80EB-495C-A4A9-CBDAC5A0C29D}.Release|Any CPU.ActiveCfg = Release|iPhoneSimulator
		{DDA24701-80EB-495C-A4A9-CBDAC5A0C29D}.Release|Any CPU.Build.0 = Release|iPhoneSimulator
		{DDA24701-80EB-495C-A4A9-CBDAC5A0C29D}.Release|Any CPU.Deploy.0 = Release|iPhoneSimulator
		{DDA24701-80EB-495C-A4A9-CBDAC5A0C29D}.Release|iPhone.ActiveCfg = Release|iPhone
		{DDA24701-80EB-495C-A4A9-CBDAC5A0C29D}.Release|iPhone.Build.0 = Release|iPhone
		{DDA24701-80EB-495C-A4A9-CBDAC5A0C29D}.Release|iPhone.Deploy.0 = Release|iPhone
		{DDA24701-80EB-495C-A4A9-CBDAC5A0C29D}.Release|iPhoneSimulator.ActiveCfg = Release|iPhoneSimulator
		{DDA24701-80EB-495C-A4A9-CBDAC5A0C29D}.Release|iPhoneSimulator.Build.0 = Release|iPhoneSimulator
		{DDA24701-80EB-495C-A4A9-CBDAC5A0C29D}.Release|iPhoneSimulator.Deploy.0 = Release|iPhoneSimulator
		{4FD03234-44E3-403C-B443-795106A4B6CC}.Debug|Any CPU.ActiveCfg = Debug|Any CPU
		{4FD03234-44E3-403C-B443-795106A4B6CC}.Debug|Any CPU.Build.0 = Debug|Any CPU
		{4FD03234-44E3-403C-B443-795106A4B6CC}.Debug|Any CPU.Deploy.0 = Debug|Any CPU
		{4FD03234-44E3-403C-B443-795106A4B6CC}.Debug|iPhone.ActiveCfg = Debug|Any CPU
		{4FD03234-44E3-403C-B443-795106A4B6CC}.Debug|iPhone.Build.0 = Debug|Any CPU
		{4FD03234-44E3-403C-B443-795106A4B6CC}.Debug|iPhone.Deploy.0 = Debug|Any CPU
		{4FD03234-44E3-403C-B443-795106A4B6CC}.Debug|iPhoneSimulator.ActiveCfg = Debug|Any CPU
		{4FD03234-44E3-403C-B443-795106A4B6CC}.Debug|iPhoneSimulator.Build.0 = Debug|Any CPU
		{4FD03234-44E3-403C-B443-795106A4B6CC}.Debug|iPhoneSimulator.Deploy.0 = Debug|Any CPU
		{4FD03234-44E3-403C-B443-795106A4B6CC}.Release|Any CPU.ActiveCfg = Release|Any CPU
		{4FD03234-44E3-403C-B443-795106A4B6CC}.Release|Any CPU.Build.0 = Release|Any CPU
		{4FD03234-44E3-403C-B443-795106A4B6CC}.Release|Any CPU.Deploy.0 = Release|Any CPU
		{4FD03234-44E3-403C-B443-795106A4B6CC}.Release|iPhone.ActiveCfg = Release|Any CPU
		{4FD03234-44E3-403C-B443-795106A4B6CC}.Release|iPhone.Build.0 = Release|Any CPU
		{4FD03234-44E3-403C-B443-795106A4B6CC}.Release|iPhone.Deploy.0 = Release|Any CPU
		{4FD03234-44E3-403C-B443-795106A4B6CC}.Release|iPhoneSimulator.ActiveCfg = Release|Any CPU
		{4FD03234-44E3-403C-B443-795106A4B6CC}.Release|iPhoneSimulator.Build.0 = Release|Any CPU
		{4FD03234-44E3-403C-B443-795106A4B6CC}.Release|iPhoneSimulator.Deploy.0 = Release|Any CPU
	EndGlobalSection
	GlobalSection(SolutionProperties) = preSolution
		HideSolutionNode = FALSE
	EndGlobalSection
	GlobalSection(ExtensibilityGlobals) = postSolution
		SolutionGuid = {4784CB48-D573-4BD9-8C4A-74C1FBD936BA}
	EndGlobalSection
EndGlobal
